
Microsoft Visual Studio Solution File, Format Version 12.00
# Visual Studio Version 17
VisualStudioVersion = 17.12.35527.113
MinimumVisualStudioVersion = 10.0.40219.1
Project("{FAE04EC0-301F-11D3-BF4B-00C04F79EFBC}") = "ReviewTask1", "ReviewTask1\ReviewTask1.csproj", "{D3CA3D65-154C-457E-9BD2-0D12270A2384}"
EndProject
Project("{FAE04EC0-301F-11D3-BF4B-00C04F79EFBC}") = "Review2EmployeeManagementSystem", "Review2EmployeeManagementSystem\Review2EmployeeManagementSystem.csproj", "{164C25AC-A333-40BD-A37A-28532D9B1B6C}"
EndProject
Project("{FAE04EC0-301F-11D3-BF4B-00C04F79EFBC}") = "Review3", "Review3\Review3.csproj", "{77A71761-141E-48DD-876E-06B1FF7FAC2F}"
EndProject
Project("{FAE04EC0-301F-11D3-BF4B-00C04F79EFBC}") = "Review4", "Review4\Review4.csproj", "{8172B028-4C6E-47DE-AC85-04323D5A71D8}"
EndProject
Project("{FAE04EC0-301F-11D3-BF4B-00C04F79EFBC}") = "FinalReviewOfFundamentals", "FinalReviewOfFundamentals\FinalReviewOfFundamentals.csproj", "{B16E0920-F3BB-4E5B-991B-C44D9FD60608}"
EndProject
Project("{FAE04EC0-301F-11D3-BF4B-00C04F79EFBC}") = "FinalReviewOfFundamentalsTesting", "FinalReviewOfFundamentalsTesting\FinalReviewOfFundamentalsTesting.csproj", "{837CE7C1-5961-4EF7-94C2-3C8A3D194210}"
EndProject
Global
	GlobalSection(SolutionConfigurationPlatforms) = preSolution
		Debug|Any CPU = Debug|Any CPU
		Release|Any CPU = Release|Any CPU
	EndGlobalSection
	GlobalSection(ProjectConfigurationPlatforms) = postSolution
		{D3CA3D65-154C-457E-9BD2-0D12270A2384}.Debug|Any CPU.ActiveCfg = Debug|Any CPU
		{D3CA3D65-154C-457E-9BD2-0D12270A2384}.Debug|Any CPU.Build.0 = Debug|Any CPU
		{D3CA3D65-154C-457E-9BD2-0D12270A2384}.Release|Any CPU.ActiveCfg = Release|Any CPU
		{D3CA3D65-154C-457E-9BD2-0D12270A2384}.Release|Any CPU.Build.0 = Release|Any CPU
		{164C25AC-A333-40BD-A37A-28532D9B1B6C}.Debug|Any CPU.ActiveCfg = Debug|Any CPU
		{164C25AC-A333-40BD-A37A-28532D9B1B6C}.Debug|Any CPU.Build.0 = Debug|Any CPU
		{164C25AC-A333-40BD-A37A-28532D9B1B6C}.Release|Any CPU.ActiveCfg = Release|Any CPU
		{164C25AC-A333-40BD-A37A-28532D9B1B6C}.Release|Any CPU.Build.0 = Release|Any CPU
		{77A71761-141E-48DD-876E-06B1FF7FAC2F}.Debug|Any CPU.ActiveCfg = Debug|Any CPU
		{77A71761-141E-48DD-876E-06B1FF7FAC2F}.Debug|Any CPU.Build.0 = Debug|Any CPU
		{77A71761-141E-48DD-876E-06B1FF7FAC2F}.Release|Any CPU.ActiveCfg = Release|Any CPU
		{77A71761-141E-48DD-876E-06B1FF7FAC2F}.Release|Any CPU.Build.0 = Release|Any CPU
		{8172B028-4C6E-47DE-AC85-04323D5A71D8}.Debug|Any CPU.ActiveCfg = Debug|Any CPU
		{8172B028-4C6E-47DE-AC85-04323D5A71D8}.Debug|Any CPU.Build.0 = Debug|Any CPU
		{8172B028-4C6E-47DE-AC85-04323D5A71D8}.Release|Any CPU.ActiveCfg = Release|Any CPU
		{8172B028-4C6E-47DE-AC85-04323D5A71D8}.Release|Any CPU.Build.0 = Release|Any CPU
		{B16E0920-F3BB-4E5B-991B-C44D9FD60608}.Debug|Any CPU.ActiveCfg = Debug|Any CPU
		{B16E0920-F3BB-4E5B-991B-C44D9FD60608}.Debug|Any CPU.Build.0 = Debug|Any CPU
		{B16E0920-F3BB-4E5B-991B-C44D9FD60608}.Release|Any CPU.ActiveCfg = Release|Any CPU
		{B16E0920-F3BB-4E5B-991B-C44D9FD60608}.Release|Any CPU.Build.0 = Release|Any CPU
		{837CE7C1-5961-4EF7-94C2-3C8A3D194210}.Debug|Any CPU.ActiveCfg = Debug|Any CPU
		{837CE7C1-5961-4EF7-94C2-3C8A3D194210}.Debug|Any CPU.Build.0 = Debug|Any CPU
		{837CE7C1-5961-4EF7-94C2-3C8A3D194210}.Release|Any CPU.ActiveCfg = Release|Any CPU
		{837CE7C1-5961-4EF7-94C2-3C8A3D194210}.Release|Any CPU.Build.0 = Release|Any CPU
	EndGlobalSection
	GlobalSection(SolutionProperties) = preSolution
		HideSolutionNode = FALSE
	EndGlobalSection
EndGlobal
